<?xml version="1.0" encoding="utf-8"?>
<Project ToolsVersion="4.0" xmlns="http://schemas.microsoft.com/developer/msbuild/2003">
  <ItemGroup>
    <Filter Include="Source files">
      <UniqueIdentifier>{e791b36c-00b0-4ffa-92d9-902991b83ab6}</UniqueIdentifier>
      <Extensions>cpp;c;cc;cxx;def;odl;idl;hpj;bat;asm;asmx</Extensions>
    </Filter>
    <Filter Include="Header files">
      <UniqueIdentifier>{b66320b5-face-4fdc-a6be-cc49a5193c43}</UniqueIdentifier>
      <Extensions>h;hpp;hxx;hm;inl;inc;xsd</Extensions>
    </Filter>
    <Filter Include="Resource files">
      <UniqueIdentifier>{be984b8d-2ec2-4bed-aace-bd06abfef9dc}</UniqueIdentifier>
      <Extensions>rc;ico;cur;bmp;dlg;rc2;rct;bin;rgs;gif;jpg;jpeg;jpe;resx;tiff;tif;png;wav</Extensions>
    </Filter>
    <Filter Include="Source files\Applications">
      <UniqueIdentifier>{a7e7f8f7-8911-422d-bcfc-9882963da605}</UniqueIdentifier>
    </Filter>
    <Filter Include="Source files\CPlusPlus">
      <UniqueIdentifier>{cff06dce-02f9-46ca-bce3-55f4ada2a1e6}</UniqueIdentifier>
    </Filter>
    <Filter Include="Source files\CPU">
      <UniqueIdentifier>{0fed1178-f251-4e1c-b893-db38f36d480c}</UniqueIdentifier>
    </Filter>
    <Filter Include="Source files\DeviceDrivers">
      <UniqueIdentifier>{c48ffe83-22d4-48df-8aab-8e0568f69d9e}</UniqueIdentifier>
    </Filter>
    <Filter Include="Source files\Drivers">
      <UniqueIdentifier>{8f3ea089-81fb-4bdc-9396-fdb6945099d0}</UniqueIdentifier>
    </Filter>
    <Filter Include="Source files\Filesystem">
      <UniqueIdentifier>{8da9fb77-df64-44a1-a3d8-7d671679ea05}</UniqueIdentifier>
    </Filter>
    <Filter Include="Source files\finsh">
      <UniqueIdentifier>{6c56e151-98d2-4979-beb5-b008fc98256a}</UniqueIdentifier>
    </Filter>
    <Filter Include="Source files\Kernel">
      <UniqueIdentifier>{ab1310fc-a58b-4caa-823f-4f71bf592d4e}</UniqueIdentifier>
    </Filter>
    <Filter Include="Source files\libc">
      <UniqueIdentifier>{1a6c0f02-ec9a-4840-9a31-e77624192cf2}</UniqueIdentifier>
    </Filter>
    <Filter Include="Source files\Libraries">
      <UniqueIdentifier>{39a97d3d-20b3-4ff1-acb0-1e94b1857af4}</UniqueIdentifier>
    </Filter>
    <Filter Include="Source files\rt_usbd">
      <UniqueIdentifier>{011c37fd-f369-4591-928c-54560df21945}</UniqueIdentifier>
    </Filter>
    <Filter Include="Source files\UTest">
      <UniqueIdentifier>{2493a40d-2af6-49f9-88cf-daf8834aa0f5}</UniqueIdentifier>
    </Filter>
    <Filter Include="Source files\Utilities">
      <UniqueIdentifier>{197da4ea-c88b-4d7b-a521-bbf6b0df70ee}</UniqueIdentifier>
    </Filter>
    <Filter Include="Source files\Device-specific files">
      <UniqueIdentifier>{f5321888-0bd2-4f62-ad59-881c9062a2ca}</UniqueIdentifier>
    </Filter>
    <Filter Include="Header files\Applications">
      <UniqueIdentifier>{1d444b88-2f14-49c0-820f-cff6636c03e9}</UniqueIdentifier>
    </Filter>
    <Filter Include="Header files\CPlusPlus">
      <UniqueIdentifier>{2d8c509d-39ac-4428-b97c-117c5ba4760d}</UniqueIdentifier>
    </Filter>
    <Filter Include="Header files\CPU">
      <UniqueIdentifier>{58ec7c4f-1a1e-4fda-a8e4-34534f62fa95}</UniqueIdentifier>
    </Filter>
    <Filter Include="Header files\DeviceDrivers">
      <UniqueIdentifier>{84aef929-567a-4ff7-a455-f47e5dc7b9b0}</UniqueIdentifier>
    </Filter>
    <Filter Include="Header files\Drivers">
      <UniqueIdentifier>{98eb76fd-82fa-45df-ba18-257948da5c93}</UniqueIdentifier>
    </Filter>
    <Filter Include="Header files\Filesystem">
      <UniqueIdentifier>{9baeef89-0c3c-4ef5-98eb-fbc05af151b7}</UniqueIdentifier>
    </Filter>
    <Filter Include="Header files\finsh">
      <UniqueIdentifier>{07fab26d-bd0f-4daf-8c41-8af18672026b}</UniqueIdentifier>
    </Filter>
    <Filter Include="Header files\Kernel">
      <UniqueIdentifier>{946eec3e-0fe9-40f9-ac0d-a7a2f394c7e5}</UniqueIdentifier>
    </Filter>
    <Filter Include="Header files\libc">
      <UniqueIdentifier>{6efafebf-e5bd-4602-81f9-c58044e0ee57}</UniqueIdentifier>
    </Filter>
    <Filter Include="Header files\Libraries">
      <UniqueIdentifier>{6d6413dc-0fa3-4fbe-83d3-961c2271b6ca}</UniqueIdentifier>
    </Filter>
    <Filter Include="Header files\rt_usbd">
      <UniqueIdentifier>{ef7d623b-b2ea-40c7-9ce0-bccd40778d4a}</UniqueIdentifier>
    </Filter>
    <Filter Include="Header files\UTest">
      <UniqueIdentifier>{8fce61f5-4938-4ece-bfc7-542cb9b59dbe}</UniqueIdentifier>
    </Filter>
    <Filter Include="Header files\Utilities">
      <UniqueIdentifier>{4c92e731-ddf8-4592-b74c-459b07e2d094}</UniqueIdentifier>
    </Filter>
    <Filter Include="Header files\Device-specific files">
      <UniqueIdentifier>{90fc3e3e-648c-4117-a2ff-10de8685332c}</UniqueIdentifier>
    </Filter>
    <Filter Include="VisualGDB settings">
      <UniqueIdentifier>{d45f5207-8973-4ffc-87e6-6262641c329f}</UniqueIdentifier>
    </Filter>
  </ItemGroup>
  <ItemGroup>
    <ClCompile Include="applications\realmain.cpp">
      <Filter>Source files\Applications</Filter>
    </ClCompile>
    <ClCompile Include="..\..\..\components\cplusplus\cxx_Mutex.cpp">
      <Filter>Source files\CPlusPlus</Filter>
    </ClCompile>
    <ClCompile Include="..\..\..\components\cplusplus\cxx_Semaphore.cpp">
      <Filter>Source files\CPlusPlus</Filter>
    </ClCompile>
    <ClCompile Include="..\..\..\components\cplusplus\cxx_Thread.cpp">
      <Filter>Source files\CPlusPlus</Filter>
    </ClCompile>
    <ClCompile Include="..\..\..\components\cplusplus\cxx_crt.cpp">
      <Filter>Source files\CPlusPlus</Filter>
    </ClCompile>
    <ClCompile Include="..\..\..\components\cplusplus\crt_init.c">
      <Filter>Source files\CPlusPlus</Filter>
    </ClCompile>
    <ClCompile Include="..\..\..\libcpu\arm\common\backtrace.c">
      <Filter>Source files\CPU</Filter>
    </ClCompile>
    <ClCompile Include="..\..\..\libcpu\arm\common\div0.c">
      <Filter>Source files\CPU</Filter>
    </ClCompile>
    <ClCompile Include="..\..\..\libcpu\arm\common\showmem.c">
      <Filter>Source files\CPU</Filter>
    </ClCompile>
    <ClCompile Include="..\..\..\libcpu\arm\cortex-m4\cpuport.c">
      <Filter>Source files\CPU</Filter>
    </ClCompile>
    <ClCompile Include="..\..\..\libcpu\arm\cortex-m4\context_rvds.S">
      <Filter>Source files\CPU</Filter>
    </ClCompile>
    <ClCompile Include="..\..\..\components\drivers\cputime\cputime.c">
      <Filter>Source files\DeviceDrivers</Filter>
    </ClCompile>
    <ClCompile Include="..\..\..\components\drivers\cputime\cputime_cortexm.c">
      <Filter>Source files\DeviceDrivers</Filter>
    </ClCompile>
    <ClCompile Include="..\..\..\components\drivers\hwtimer\hwtimer.c">
      <Filter>Source files\DeviceDrivers</Filter>
    </ClCompile>
    <ClCompile Include="..\..\..\components\drivers\i2c\i2c_core.c">
      <Filter>Source files\DeviceDrivers</Filter>
    </ClCompile>
    <ClCompile Include="..\..\..\components\drivers\i2c\i2c_dev.c">
      <Filter>Source files\DeviceDrivers</Filter>
    </ClCompile>
    <ClCompile Include="..\..\..\components\drivers\i2c\i2c-bit-ops.c">
      <Filter>Source files\DeviceDrivers</Filter>
    </ClCompile>
    <ClCompile Include="..\..\..\components\drivers\misc\pin.c">
      <Filter>Source files\DeviceDrivers</Filter>
    </ClCompile>
    <ClCompile Include="..\..\..\components\drivers\misc\adc.c">
      <Filter>Source files\DeviceDrivers</Filter>
    </ClCompile>
    <ClCompile Include="..\..\..\components\drivers\misc\dac.c">
      <Filter>Source files\DeviceDrivers</Filter>
    </ClCompile>
    <ClCompile Include="..\..\..\components\drivers\serial\serial.c">
      <Filter>Source files\DeviceDrivers</Filter>
    </ClCompile>
    <ClCompile Include="..\..\..\components\drivers\src\completion.c">
      <Filter>Source files\DeviceDrivers</Filter>
    </ClCompile>
    <ClCompile Include="..\..\..\components\drivers\src\dataqueue.c">
      <Filter>Source files\DeviceDrivers</Filter>
    </ClCompile>
    <ClCompile Include="..\..\..\components\drivers\src\pipe.c">
      <Filter>Source files\DeviceDrivers</Filter>
    </ClCompile>
    <ClCompile Include="..\..\..\components\drivers\src\ringblk_buf.c">
      <Filter>Source files\DeviceDrivers</Filter>
    </ClCompile>
    <ClCompile Include="..\..\..\components\drivers\src\ringbuffer.c">
      <Filter>Source files\DeviceDrivers</Filter>
    </ClCompile>
    <ClCompile Include="..\..\..\components\drivers\src\waitqueue.c">
      <Filter>Source files\DeviceDrivers</Filter>
    </ClCompile>
    <ClCompile Include="..\..\..\components\drivers\src\workqueue.c">
      <Filter>Source files\DeviceDrivers</Filter>
    </ClCompile>
    <ClCompile Include="board\board.c">
      <Filter>Source files\Drivers</Filter>
    </ClCompile>
    <ClCompile Include="board\CubeMX_Config\Src\stm32f4xx_hal_msp.c">
      <Filter>Source files\Drivers</Filter>
    </ClCompile>
    <ClCompile Include="board\CubeMX_Config\Src\main.c">
      <Filter>Source files\Drivers</Filter>
    </ClCompile>
    <ClCompile Include="..\libraries\STM32F4xx_HAL\CMSIS\Device\ST\STM32F4xx\Source\Templates\arm\startup_stm32f429xx.s">
      <Filter>Source files\Drivers</Filter>
    </ClCompile>
    <ClCompile Include="..\libraries\HAL_Drivers\drv_gpio.c">
      <Filter>Source files\Drivers</Filter>
    </ClCompile>
    <ClCompile Include="..\libraries\HAL_Drivers\drv_usart.c">
      <Filter>Source files\Drivers</Filter>
    </ClCompile>
    <ClCompile Include="..\libraries\HAL_Drivers\drv_hwtimer.c">
      <Filter>Source files\Drivers</Filter>
    </ClCompile>
    <ClCompile Include="..\libraries\HAL_Drivers\drv_adc.c">
      <Filter>Source files\Drivers</Filter>
    </ClCompile>
    <ClCompile Include="..\libraries\HAL_Drivers\drv_dac.c">
      <Filter>Source files\Drivers</Filter>
    </ClCompile>
    <ClCompile Include="..\libraries\HAL_Drivers\drv_usbd.c">
      <Filter>Source files\Drivers</Filter>
    </ClCompile>
    <ClCompile Include="..\libraries\HAL_Drivers\drv_common.c">
      <Filter>Source files\Drivers</Filter>
    </ClCompile>
    <ClCompile Include="..\..\..\components\dfs\src\dfs.c">
      <Filter>Source files\Filesystem</Filter>
    </ClCompile>
    <ClCompile Include="..\..\..\components\dfs\src\dfs_file.c">
      <Filter>Source files\Filesystem</Filter>
    </ClCompile>
    <ClCompile Include="..\..\..\components\dfs\src\dfs_fs.c">
      <Filter>Source files\Filesystem</Filter>
    </ClCompile>
    <ClCompile Include="..\..\..\components\dfs\src\dfs_posix.c">
      <Filter>Source files\Filesystem</Filter>
    </ClCompile>
    <ClCompile Include="..\..\..\components\dfs\filesystems\devfs\devfs.c">
      <Filter>Source files\Filesystem</Filter>
    </ClCompile>
    <ClCompile Include="..\..\..\components\dfs\filesystems\ramfs\dfs_ramfs.c">
      <Filter>Source files\Filesystem</Filter>
    </ClCompile>
    <ClCompile Include="..\..\..\components\finsh\shell.c">
      <Filter>Source files\finsh</Filter>
    </ClCompile>
    <ClCompile Include="..\..\..\components\finsh\cmd.c">
      <Filter>Source files\finsh</Filter>
    </ClCompile>
    <ClCompile Include="..\..\..\components\finsh\msh.c">
      <Filter>Source files\finsh</Filter>
    </ClCompile>
    <ClCompile Include="..\..\..\components\finsh\msh_file.c">
      <Filter>Source files\finsh</Filter>
    </ClCompile>
    <ClCompile Include="..\..\..\src\clock.c">
      <Filter>Source files\Kernel</Filter>
    </ClCompile>
    <ClCompile Include="..\..\..\src\components.c">
      <Filter>Source files\Kernel</Filter>
    </ClCompile>
    <ClCompile Include="..\..\..\src\device.c">
      <Filter>Source files\Kernel</Filter>
    </ClCompile>
    <ClCompile Include="..\..\..\src\idle.c">
      <Filter>Source files\Kernel</Filter>
    </ClCompile>
    <ClCompile Include="..\..\..\src\ipc.c">
      <Filter>Source files\Kernel</Filter>
    </ClCompile>
    <ClCompile Include="..\..\..\src\irq.c">
      <Filter>Source files\Kernel</Filter>
    </ClCompile>
    <ClCompile Include="..\..\..\src\kservice.c">
      <Filter>Source files\Kernel</Filter>
    </ClCompile>
    <ClCompile Include="..\..\..\src\mem.c">
      <Filter>Source files\Kernel</Filter>
    </ClCompile>
    <ClCompile Include="..\..\..\src\memheap.c">
      <Filter>Source files\Kernel</Filter>
    </ClCompile>
    <ClCompile Include="..\..\..\src\mempool.c">
      <Filter>Source files\Kernel</Filter>
    </ClCompile>
    <ClCompile Include="..\..\..\src\object.c">
      <Filter>Source files\Kernel</Filter>
    </ClCompile>
    <ClCompile Include="..\..\..\src\scheduler.c">
      <Filter>Source files\Kernel</Filter>
    </ClCompile>
    <ClCompile Include="..\..\..\src\signal.c">
      <Filter>Source files\Kernel</Filter>
    </ClCompile>
    <ClCompile Include="..\..\..\src\thread.c">
      <Filter>Source files\Kernel</Filter>
    </ClCompile>
    <ClCompile Include="..\..\..\src\timer.c">
      <Filter>Source files\Kernel</Filter>
    </ClCompile>
    <ClCompile Include="..\..\..\components\libc\compilers\armlibc\libc.c">
      <Filter>Source files\libc</Filter>
    </ClCompile>
    <ClCompile Include="..\..\..\components\libc\compilers\armlibc\mem_std.c">
      <Filter>Source files\libc</Filter>
    </ClCompile>
    <ClCompile Include="..\..\..\components\libc\compilers\armlibc\stdio.c">
      <Filter>Source files\libc</Filter>
    </ClCompile>
    <ClCompile Include="..\..\..\components\libc\compilers\armlibc\stubs.c">
      <Filter>Source files\libc</Filter>
    </ClCompile>
    <ClCompile Include="..\..\..\components\libc\compilers\common\time.c">
      <Filter>Source files\libc</Filter>
    </ClCompile>
    <ClCompile Include="..\libraries\STM32F4xx_HAL\CMSIS\Device\ST\STM32F4xx\Source\Templates\system_stm32f4xx.c">
      <Filter>Source files\Libraries</Filter>
    </ClCompile>
    <ClCompile Include="..\libraries\STM32F4xx_HAL\STM32F4xx_HAL_Driver\Src\stm32f4xx_hal.c">
      <Filter>Source files\Libraries</Filter>
    </ClCompile>
    <ClCompile Include="..\libraries\STM32F4xx_HAL\STM32F4xx_HAL_Driver\Src\stm32f4xx_hal_cec.c">
      <Filter>Source files\Libraries</Filter>
    </ClCompile>
    <ClCompile Include="..\libraries\STM32F4xx_HAL\STM32F4xx_HAL_Driver\Src\stm32f4xx_hal_cortex.c">
      <Filter>Source files\Libraries</Filter>
    </ClCompile>
    <ClCompile Include="..\libraries\STM32F4xx_HAL\STM32F4xx_HAL_Driver\Src\stm32f4xx_hal_crc.c">
      <Filter>Source files\Libraries</Filter>
    </ClCompile>
    <ClCompile Include="..\libraries\STM32F4xx_HAL\STM32F4xx_HAL_Driver\Src\stm32f4xx_hal_cryp.c">
      <Filter>Source files\Libraries</Filter>
    </ClCompile>
    <ClCompile Include="..\libraries\STM32F4xx_HAL\STM32F4xx_HAL_Driver\Src\stm32f4xx_hal_cryp_ex.c">
      <Filter>Source files\Libraries</Filter>
    </ClCompile>
    <ClCompile Include="..\libraries\STM32F4xx_HAL\STM32F4xx_HAL_Driver\Src\stm32f4xx_hal_dma.c">
      <Filter>Source files\Libraries</Filter>
    </ClCompile>
    <ClCompile Include="..\libraries\STM32F4xx_HAL\STM32F4xx_HAL_Driver\Src\stm32f4xx_hal_dma_ex.c">
      <Filter>Source files\Libraries</Filter>
    </ClCompile>
    <ClCompile Include="..\libraries\STM32F4xx_HAL\STM32F4xx_HAL_Driver\Src\stm32f4xx_hal_pwr.c">
      <Filter>Source files\Libraries</Filter>
    </ClCompile>
    <ClCompile Include="..\libraries\STM32F4xx_HAL\STM32F4xx_HAL_Driver\Src\stm32f4xx_hal_pwr_ex.c">
      <Filter>Source files\Libraries</Filter>
    </ClCompile>
    <ClCompile Include="..\libraries\STM32F4xx_HAL\STM32F4xx_HAL_Driver\Src\stm32f4xx_hal_rcc.c">
      <Filter>Source files\Libraries</Filter>
    </ClCompile>
    <ClCompile Include="..\libraries\STM32F4xx_HAL\STM32F4xx_HAL_Driver\Src\stm32f4xx_hal_rcc_ex.c">
      <Filter>Source files\Libraries</Filter>
    </ClCompile>
    <ClCompile Include="..\libraries\STM32F4xx_HAL\STM32F4xx_HAL_Driver\Src\stm32f4xx_hal_rng.c">
      <Filter>Source files\Libraries</Filter>
    </ClCompile>
    <ClCompile Include="..\libraries\STM32F4xx_HAL\STM32F4xx_HAL_Driver\Src\stm32f4xx_hal_gpio.c">
      <Filter>Source files\Libraries</Filter>
    </ClCompile>
    <ClCompile Include="..\libraries\STM32F4xx_HAL\STM32F4xx_HAL_Driver\Src\stm32f4xx_hal_uart.c">
      <Filter>Source files\Libraries</Filter>
    </ClCompile>
    <ClCompile Include="..\libraries\STM32F4xx_HAL\STM32F4xx_HAL_Driver\Src\stm32f4xx_hal_usart.c">
      <Filter>Source files\Libraries</Filter>
    </ClCompile>
    <ClCompile Include="..\libraries\STM32F4xx_HAL\STM32F4xx_HAL_Driver\Src\stm32f4xx_hal_i2c.c">
      <Filter>Source files\Libraries</Filter>
    </ClCompile>
    <ClCompile Include="..\libraries\STM32F4xx_HAL\STM32F4xx_HAL_Driver\Src\stm32f4xx_hal_i2c_ex.c">
      <Filter>Source files\Libraries</Filter>
    </ClCompile>
    <ClCompile Include="..\libraries\STM32F4xx_HAL\STM32F4xx_HAL_Driver\Src\stm32f4xx_hal_pccard.c">
      <Filter>Source files\Libraries</Filter>
    </ClCompile>
    <ClCompile Include="..\libraries\STM32F4xx_HAL\STM32F4xx_HAL_Driver\Src\stm32f4xx_hal_pcd.c">
      <Filter>Source files\Libraries</Filter>
    </ClCompile>
    <ClCompile Include="..\libraries\STM32F4xx_HAL\STM32F4xx_HAL_Driver\Src\stm32f4xx_hal_pcd_ex.c">
      <Filter>Source files\Libraries</Filter>
    </ClCompile>
    <ClCompile Include="..\libraries\STM32F4xx_HAL\STM32F4xx_HAL_Driver\Src\stm32f4xx_hal_hcd.c">
      <Filter>Source files\Libraries</Filter>
    </ClCompile>
    <ClCompile Include="..\libraries\STM32F4xx_HAL\STM32F4xx_HAL_Driver\Src\stm32f4xx_ll_usb.c">
      <Filter>Source files\Libraries</Filter>
    </ClCompile>
    <ClCompile Include="..\libraries\STM32F4xx_HAL\STM32F4xx_HAL_Driver\Src\stm32f4xx_hal_tim.c">
      <Filter>Source files\Libraries</Filter>
    </ClCompile>
    <ClCompile Include="..\libraries\STM32F4xx_HAL\STM32F4xx_HAL_Driver\Src\stm32f4xx_hal_tim_ex.c">
      <Filter>Source files\Libraries</Filter>
    </ClCompile>
    <ClCompile Include="..\libraries\STM32F4xx_HAL\STM32F4xx_HAL_Driver\Src\stm32f4xx_hal_lptim.c">
      <Filter>Source files\Libraries</Filter>
    </ClCompile>
    <ClCompile Include="..\libraries\STM32F4xx_HAL\STM32F4xx_HAL_Driver\Src\stm32f4xx_hal_adc.c">
      <Filter>Source files\Libraries</Filter>
    </ClCompile>
    <ClCompile Include="..\libraries\STM32F4xx_HAL\STM32F4xx_HAL_Driver\Src\stm32f4xx_hal_adc_ex.c">
      <Filter>Source files\Libraries</Filter>
    </ClCompile>
    <ClCompile Include="..\libraries\STM32F4xx_HAL\STM32F4xx_HAL_Driver\Src\stm32f4xx_hal_dac.c">
      <Filter>Source files\Libraries</Filter>
    </ClCompile>
    <ClCompile Include="..\libraries\STM32F4xx_HAL\STM32F4xx_HAL_Driver\Src\stm32f4xx_hal_dac_ex.c">
      <Filter>Source files\Libraries</Filter>
    </ClCompile>
    <ClCompile Include="..\..\..\components\drivers\usb\usbdevice\core\usbdevice_core.c">
      <Filter>Source files\rt_usbd</Filter>
    </ClCompile>
    <ClCompile Include="..\..\..\components\drivers\usb\usbdevice\core\usbdevice.c">
      <Filter>Source files\rt_usbd</Filter>
    </ClCompile>
    <ClCompile Include="..\..\..\components\drivers\usb\usbdevice\class\cdc_vcom.c">
      <Filter>Source files\rt_usbd</Filter>
    </ClCompile>
    <ClCompile Include="..\..\..\components\drivers\usb\usbdevice\class\mstorage.c">
      <Filter>Source files\rt_usbd</Filter>
    </ClCompile>
    <ClCompile Include="..\..\..\components\utilities\utest\utest.c">
      <Filter>Source files\UTest</Filter>
    </ClCompile>
    <ClCompile Include="..\..\..\components\utilities\ulog\ulog.c">
      <Filter>Source files\Utilities</Filter>
    </ClCompile>
    <ClCompile Include="..\..\..\components\utilities\ulog\backend\console_be.c">
      <Filter>Source files\Utilities</Filter>
    </ClCompile>
    <ClCompile Include="..\..\..\components\utilities\ulog\syslog\syslog.c">
      <Filter>Source files\Utilities</Filter>
    </ClCompile>
    <None Include="mcu.props">
      <Filter>Source files\Device-specific files</Filter>
    </None>
    <ClInclude Include="$(BSP_ROOT)\Drivers\CMSIS\Device\ST\STM32F4xx\Include\stm32f4xx.h">
      <Filter>Header files\Device-specific files</Filter>
    </ClInclude>
    <None Include="project-Debug.vgdbsettings">
      <Filter>VisualGDB settings</Filter>
    </None>
    <None Include="project-Release.vgdbsettings">
      <Filter>VisualGDB settings</Filter>
    </None>
    <None Include="MCU.xml">
      <Filter>VisualGDB settings</Filter>
    </None>
  </ItemGroup>
</Project>