<?xml version="1.0" encoding="utf-8"?>
<Project ToolsVersion="4.0" xmlns="http://schemas.microsoft.com/developer/msbuild/2003">
  <ItemGroup>
    <Filter Include="Source files">
      <UniqueIdentifier>{4d4bef27-0758-4e72-a8f0-df4d3e83ff83}</UniqueIdentifier>
      <Extensions>cpp;c;cc;cxx;def;odl;idl;hpj;bat;asm;asmx</Extensions>
    </Filter>
    <Filter Include="Header files">
      <UniqueIdentifier>{dc3f61bd-612b-4b69-bd13-130cede20c02}</UniqueIdentifier>
      <Extensions>h;hpp;hxx;hm;inl;inc;xsd</Extensions>
    </Filter>
    <Filter Include="Resource files">
      <UniqueIdentifier>{aed2660b-e890-4317-80a4-9cc365b9d653}</UniqueIdentifier>
      <Extensions>rc;ico;cur;bmp;dlg;rc2;rct;bin;rgs;gif;jpg;jpeg;jpe;resx;tiff;tif;png;wav</Extensions>
    </Filter>
    <Filter Include="Source files\Applications">
      <UniqueIdentifier>{2bf810f1-2ba5-45f9-9dd6-226de2b80897}</UniqueIdentifier>
    </Filter>
    <Filter Include="Source files\CPlusPlus">
      <UniqueIdentifier>{7d045cd6-2a37-404c-8f47-d28718475bd3}</UniqueIdentifier>
    </Filter>
    <Filter Include="Source files\CPU">
      <UniqueIdentifier>{65a670ee-8370-4464-9c19-3ef7b12687e9}</UniqueIdentifier>
    </Filter>
    <Filter Include="Source files\DeviceDrivers">
      <UniqueIdentifier>{18fcf4ce-b479-4744-acc7-cede347272e4}</UniqueIdentifier>
    </Filter>
    <Filter Include="Source files\Drivers">
      <UniqueIdentifier>{96e53458-951c-4919-bcdc-a816b4912f8f}</UniqueIdentifier>
    </Filter>
    <Filter Include="Source files\Filesystem">
      <UniqueIdentifier>{87179559-691f-4ecf-ac23-26285e1330d6}</UniqueIdentifier>
    </Filter>
    <Filter Include="Source files\finsh">
      <UniqueIdentifier>{40fe762e-7894-406a-a320-37f37272d0fd}</UniqueIdentifier>
    </Filter>
    <Filter Include="Source files\Kernel">
      <UniqueIdentifier>{bb6a247c-bbd9-47d1-90bf-5fd467d77cde}</UniqueIdentifier>
    </Filter>
    <Filter Include="Source files\libc">
      <UniqueIdentifier>{95493d64-ddd4-4d2a-8674-6f62d01ba2de}</UniqueIdentifier>
    </Filter>
    <Filter Include="Source files\Libraries">
      <UniqueIdentifier>{14bcf86d-6be6-4520-849f-c2724ed1ec14}</UniqueIdentifier>
    </Filter>
    <Filter Include="Source files\rt_usbd">
      <UniqueIdentifier>{e39e34bc-c179-436d-a603-f4eb46f3abe3}</UniqueIdentifier>
    </Filter>
    <Filter Include="Source files\Device-specific files">
      <UniqueIdentifier>{dd882147-0aa4-4f76-93f3-5e4f85662172}</UniqueIdentifier>
    </Filter>
    <Filter Include="Header files\Applications">
      <UniqueIdentifier>{44ed50d7-2c66-458d-b7fe-c97546b88d92}</UniqueIdentifier>
    </Filter>
    <Filter Include="Header files\CPlusPlus">
      <UniqueIdentifier>{59dd6a54-9c78-4d76-b325-754d9f9f7d56}</UniqueIdentifier>
    </Filter>
    <Filter Include="Header files\CPU">
      <UniqueIdentifier>{5592de1b-ae42-435a-a11d-a606b6fa4539}</UniqueIdentifier>
    </Filter>
    <Filter Include="Header files\DeviceDrivers">
      <UniqueIdentifier>{964c052b-d595-4a5b-9d18-db6c1b659a1b}</UniqueIdentifier>
    </Filter>
    <Filter Include="Header files\Drivers">
      <UniqueIdentifier>{4055455b-b5a2-48b1-b83a-d1a986ed2126}</UniqueIdentifier>
    </Filter>
    <Filter Include="Header files\Filesystem">
      <UniqueIdentifier>{add7118e-1d31-43c4-a063-8c045a491b5f}</UniqueIdentifier>
    </Filter>
    <Filter Include="Header files\finsh">
      <UniqueIdentifier>{9ddce95a-8f04-462e-a3f7-82d5a7f9a282}</UniqueIdentifier>
    </Filter>
    <Filter Include="Header files\Kernel">
      <UniqueIdentifier>{a01cadbd-50f4-480f-b139-5621a04b6615}</UniqueIdentifier>
    </Filter>
    <Filter Include="Header files\libc">
      <UniqueIdentifier>{8fc65a66-8ad7-494f-94f3-71a7918f786c}</UniqueIdentifier>
    </Filter>
    <Filter Include="Header files\Libraries">
      <UniqueIdentifier>{fd3440b9-9a5f-4326-ba32-0b23461fda10}</UniqueIdentifier>
    </Filter>
    <Filter Include="Header files\rt_usbd">
      <UniqueIdentifier>{8bcf090f-e4c2-4f9b-a49b-4f2a1e7190a1}</UniqueIdentifier>
    </Filter>
    <Filter Include="Header files\Device-specific files">
      <UniqueIdentifier>{c029203d-9015-45d0-b31c-d245e94f8482}</UniqueIdentifier>
    </Filter>
    <Filter Include="VisualGDB settings">
      <UniqueIdentifier>{15bea36a-acd0-45b5-8c2d-b77d3e69f938}</UniqueIdentifier>
    </Filter>
    <Filter Include="Source files\UTest">
      <UniqueIdentifier>{26920ce1-60a0-4dfa-b5e8-7a40cfc9d72f}</UniqueIdentifier>
    </Filter>
    <Filter Include="Source files\Utilities">
      <UniqueIdentifier>{98078eb1-c5f2-4ceb-9c40-8480f23d3b7a}</UniqueIdentifier>
    </Filter>
    <Filter Include="Header files\UTest">
      <UniqueIdentifier>{b7da61ad-9cda-4d29-bf5e-3f0ba8e58b49}</UniqueIdentifier>
    </Filter>
    <Filter Include="Header files\Utilities">
      <UniqueIdentifier>{e19359e4-30c9-4013-9e27-ab7df0959fec}</UniqueIdentifier>
    </Filter>
  </ItemGroup>
  <ItemGroup>
    <ClCompile Include="..\..\..\components\cplusplus\cxx_Mutex.cpp">
      <Filter>Source files\CPlusPlus</Filter>
    </ClCompile>
    <ClCompile Include="..\..\..\components\cplusplus\cxx_Semaphore.cpp">
      <Filter>Source files\CPlusPlus</Filter>
    </ClCompile>
    <ClCompile Include="..\..\..\components\cplusplus\cxx_Thread.cpp">
      <Filter>Source files\CPlusPlus</Filter>
    </ClCompile>
    <ClCompile Include="..\..\..\components\cplusplus\cxx_crt.cpp">
      <Filter>Source files\CPlusPlus</Filter>
    </ClCompile>
    <ClCompile Include="..\..\..\components\cplusplus\crt_init.c">
      <Filter>Source files\CPlusPlus</Filter>
    </ClCompile>
    <ClCompile Include="..\..\..\libcpu\arm\common\backtrace.c">
      <Filter>Source files\CPU</Filter>
    </ClCompile>
    <ClCompile Include="..\..\..\libcpu\arm\common\div0.c">
      <Filter>Source files\CPU</Filter>
    </ClCompile>
    <ClCompile Include="..\..\..\libcpu\arm\common\showmem.c">
      <Filter>Source files\CPU</Filter>
    </ClCompile>
    <ClCompile Include="..\..\..\libcpu\arm\cortex-m4\cpuport.c">
      <Filter>Source files\CPU</Filter>
    </ClCompile>
    <ClCompile Include="..\..\..\components\drivers\i2c\i2c_core.c">
      <Filter>Source files\DeviceDrivers</Filter>
    </ClCompile>
    <ClCompile Include="..\..\..\components\drivers\i2c\i2c_dev.c">
      <Filter>Source files\DeviceDrivers</Filter>
    </ClCompile>
    <ClCompile Include="..\..\..\components\drivers\i2c\i2c-bit-ops.c">
      <Filter>Source files\DeviceDrivers</Filter>
    </ClCompile>
    <ClCompile Include="..\..\..\components\drivers\misc\pin.c">
      <Filter>Source files\DeviceDrivers</Filter>
    </ClCompile>
    <ClCompile Include="..\..\..\components\drivers\serial\serial.c">
      <Filter>Source files\DeviceDrivers</Filter>
    </ClCompile>
    <ClCompile Include="..\..\..\components\drivers\src\completion.c">
      <Filter>Source files\DeviceDrivers</Filter>
    </ClCompile>
    <ClCompile Include="..\..\..\components\drivers\src\dataqueue.c">
      <Filter>Source files\DeviceDrivers</Filter>
    </ClCompile>
    <ClCompile Include="..\..\..\components\drivers\src\pipe.c">
      <Filter>Source files\DeviceDrivers</Filter>
    </ClCompile>
    <ClCompile Include="..\..\..\components\drivers\src\ringblk_buf.c">
      <Filter>Source files\DeviceDrivers</Filter>
    </ClCompile>
    <ClCompile Include="..\..\..\components\drivers\src\ringbuffer.c">
      <Filter>Source files\DeviceDrivers</Filter>
    </ClCompile>
    <ClCompile Include="..\..\..\components\drivers\src\waitqueue.c">
      <Filter>Source files\DeviceDrivers</Filter>
    </ClCompile>
    <ClCompile Include="..\..\..\components\drivers\src\workqueue.c">
      <Filter>Source files\DeviceDrivers</Filter>
    </ClCompile>
    <ClCompile Include="board\board.c">
      <Filter>Source files\Drivers</Filter>
    </ClCompile>
    <ClCompile Include="board\CubeMX_Config\Src\stm32f4xx_hal_msp.c">
      <Filter>Source files\Drivers</Filter>
    </ClCompile>
    <ClCompile Include="..\libraries\HAL_Drivers\drv_gpio.c">
      <Filter>Source files\Drivers</Filter>
    </ClCompile>
    <ClCompile Include="..\libraries\HAL_Drivers\drv_usart.c">
      <Filter>Source files\Drivers</Filter>
    </ClCompile>
    <ClCompile Include="..\libraries\HAL_Drivers\drv_usbd.c">
      <Filter>Source files\Drivers</Filter>
    </ClCompile>
    <ClCompile Include="..\libraries\HAL_Drivers\drv_common.c">
      <Filter>Source files\Drivers</Filter>
    </ClCompile>
    <ClCompile Include="board\CubeMX_Config\Src\main.c">
      <Filter>Source files\Drivers</Filter>
    </ClCompile>
    <ClCompile Include="..\..\..\components\dfs\src\dfs.c">
      <Filter>Source files\Filesystem</Filter>
    </ClCompile>
    <ClCompile Include="..\..\..\components\dfs\src\dfs_file.c">
      <Filter>Source files\Filesystem</Filter>
    </ClCompile>
    <ClCompile Include="..\..\..\components\dfs\src\dfs_fs.c">
      <Filter>Source files\Filesystem</Filter>
    </ClCompile>
    <ClCompile Include="..\..\..\components\dfs\src\dfs_posix.c">
      <Filter>Source files\Filesystem</Filter>
    </ClCompile>
    <ClCompile Include="..\..\..\components\dfs\filesystems\devfs\devfs.c">
      <Filter>Source files\Filesystem</Filter>
    </ClCompile>
    <ClCompile Include="..\..\..\components\dfs\filesystems\ramfs\dfs_ramfs.c">
      <Filter>Source files\Filesystem</Filter>
    </ClCompile>
    <ClCompile Include="..\..\..\components\finsh\shell.c">
      <Filter>Source files\finsh</Filter>
    </ClCompile>
    <ClCompile Include="..\..\..\components\finsh\cmd.c">
      <Filter>Source files\finsh</Filter>
    </ClCompile>
    <ClCompile Include="..\..\..\components\finsh\msh.c">
      <Filter>Source files\finsh</Filter>
    </ClCompile>
    <ClCompile Include="..\..\..\components\finsh\msh_file.c">
      <Filter>Source files\finsh</Filter>
    </ClCompile>
    <ClCompile Include="..\..\..\components\finsh\finsh_compiler.c">
      <Filter>Source files\finsh</Filter>
    </ClCompile>
    <ClCompile Include="..\..\..\components\finsh\finsh_error.c">
      <Filter>Source files\finsh</Filter>
    </ClCompile>
    <ClCompile Include="..\..\..\components\finsh\finsh_heap.c">
      <Filter>Source files\finsh</Filter>
    </ClCompile>
    <ClCompile Include="..\..\..\components\finsh\finsh_init.c">
      <Filter>Source files\finsh</Filter>
    </ClCompile>
    <ClCompile Include="..\..\..\components\finsh\finsh_node.c">
      <Filter>Source files\finsh</Filter>
    </ClCompile>
    <ClCompile Include="..\..\..\components\finsh\finsh_ops.c">
      <Filter>Source files\finsh</Filter>
    </ClCompile>
    <ClCompile Include="..\..\..\components\finsh\finsh_parser.c">
      <Filter>Source files\finsh</Filter>
    </ClCompile>
    <ClCompile Include="..\..\..\components\finsh\finsh_var.c">
      <Filter>Source files\finsh</Filter>
    </ClCompile>
    <ClCompile Include="..\..\..\components\finsh\finsh_vm.c">
      <Filter>Source files\finsh</Filter>
    </ClCompile>
    <ClCompile Include="..\..\..\components\finsh\finsh_token.c">
      <Filter>Source files\finsh</Filter>
    </ClCompile>
    <ClCompile Include="..\..\..\src\clock.c">
      <Filter>Source files\Kernel</Filter>
    </ClCompile>
    <ClCompile Include="..\..\..\src\components.c">
      <Filter>Source files\Kernel</Filter>
    </ClCompile>
    <ClCompile Include="..\..\..\src\device.c">
      <Filter>Source files\Kernel</Filter>
    </ClCompile>
    <ClCompile Include="..\..\..\src\idle.c">
      <Filter>Source files\Kernel</Filter>
    </ClCompile>
    <ClCompile Include="..\..\..\src\ipc.c">
      <Filter>Source files\Kernel</Filter>
    </ClCompile>
    <ClCompile Include="..\..\..\src\irq.c">
      <Filter>Source files\Kernel</Filter>
    </ClCompile>
    <ClCompile Include="..\..\..\src\kservice.c">
      <Filter>Source files\Kernel</Filter>
    </ClCompile>
    <ClCompile Include="..\..\..\src\mem.c">
      <Filter>Source files\Kernel</Filter>
    </ClCompile>
    <ClCompile Include="..\..\..\src\memheap.c">
      <Filter>Source files\Kernel</Filter>
    </ClCompile>
    <ClCompile Include="..\..\..\src\mempool.c">
      <Filter>Source files\Kernel</Filter>
    </ClCompile>
    <ClCompile Include="..\..\..\src\object.c">
      <Filter>Source files\Kernel</Filter>
    </ClCompile>
    <ClCompile Include="..\..\..\src\scheduler.c">
      <Filter>Source files\Kernel</Filter>
    </ClCompile>
    <ClCompile Include="..\..\..\src\signal.c">
      <Filter>Source files\Kernel</Filter>
    </ClCompile>
    <ClCompile Include="..\..\..\src\thread.c">
      <Filter>Source files\Kernel</Filter>
    </ClCompile>
    <ClCompile Include="..\..\..\src\timer.c">
      <Filter>Source files\Kernel</Filter>
    </ClCompile>
    <ClCompile Include="..\..\..\components\libc\compilers\armlibc\libc.c">
      <Filter>Source files\libc</Filter>
    </ClCompile>
    <ClCompile Include="..\..\..\components\libc\compilers\armlibc\mem_std.c">
      <Filter>Source files\libc</Filter>
    </ClCompile>
    <ClCompile Include="..\..\..\components\libc\compilers\armlibc\stdio.c">
      <Filter>Source files\libc</Filter>
    </ClCompile>
    <ClCompile Include="..\..\..\components\libc\compilers\armlibc\stubs.c">
      <Filter>Source files\libc</Filter>
    </ClCompile>
    <ClCompile Include="..\..\..\components\libc\compilers\common\time.c">
      <Filter>Source files\libc</Filter>
    </ClCompile>
    <ClCompile Include="..\libraries\STM32F4xx_HAL\CMSIS\Device\ST\STM32F4xx\Source\Templates\system_stm32f4xx.c">
      <Filter>Source files\Libraries</Filter>
    </ClCompile>
    <ClCompile Include="..\libraries\STM32F4xx_HAL\STM32F4xx_HAL_Driver\Src\stm32f4xx_hal.c">
      <Filter>Source files\Libraries</Filter>
    </ClCompile>
    <ClCompile Include="..\libraries\STM32F4xx_HAL\STM32F4xx_HAL_Driver\Src\stm32f4xx_hal_cec.c">
      <Filter>Source files\Libraries</Filter>
    </ClCompile>
    <ClCompile Include="..\libraries\STM32F4xx_HAL\STM32F4xx_HAL_Driver\Src\stm32f4xx_hal_cortex.c">
      <Filter>Source files\Libraries</Filter>
    </ClCompile>
    <ClCompile Include="..\libraries\STM32F4xx_HAL\STM32F4xx_HAL_Driver\Src\stm32f4xx_hal_crc.c">
      <Filter>Source files\Libraries</Filter>
    </ClCompile>
    <ClCompile Include="..\libraries\STM32F4xx_HAL\STM32F4xx_HAL_Driver\Src\stm32f4xx_hal_cryp.c">
      <Filter>Source files\Libraries</Filter>
    </ClCompile>
    <ClCompile Include="..\libraries\STM32F4xx_HAL\STM32F4xx_HAL_Driver\Src\stm32f4xx_hal_cryp_ex.c">
      <Filter>Source files\Libraries</Filter>
    </ClCompile>
    <ClCompile Include="..\libraries\STM32F4xx_HAL\STM32F4xx_HAL_Driver\Src\stm32f4xx_hal_dma.c">
      <Filter>Source files\Libraries</Filter>
    </ClCompile>
    <ClCompile Include="..\libraries\STM32F4xx_HAL\STM32F4xx_HAL_Driver\Src\stm32f4xx_hal_dma_ex.c">
      <Filter>Source files\Libraries</Filter>
    </ClCompile>
    <ClCompile Include="..\libraries\STM32F4xx_HAL\STM32F4xx_HAL_Driver\Src\stm32f4xx_hal_pwr.c">
      <Filter>Source files\Libraries</Filter>
    </ClCompile>
    <ClCompile Include="..\libraries\STM32F4xx_HAL\STM32F4xx_HAL_Driver\Src\stm32f4xx_hal_pwr_ex.c">
      <Filter>Source files\Libraries</Filter>
    </ClCompile>
    <ClCompile Include="..\libraries\STM32F4xx_HAL\STM32F4xx_HAL_Driver\Src\stm32f4xx_hal_rcc.c">
      <Filter>Source files\Libraries</Filter>
    </ClCompile>
    <ClCompile Include="..\libraries\STM32F4xx_HAL\STM32F4xx_HAL_Driver\Src\stm32f4xx_hal_rcc_ex.c">
      <Filter>Source files\Libraries</Filter>
    </ClCompile>
    <ClCompile Include="..\libraries\STM32F4xx_HAL\STM32F4xx_HAL_Driver\Src\stm32f4xx_hal_rng.c">
      <Filter>Source files\Libraries</Filter>
    </ClCompile>
    <ClCompile Include="..\libraries\STM32F4xx_HAL\STM32F4xx_HAL_Driver\Src\stm32f4xx_hal_gpio.c">
      <Filter>Source files\Libraries</Filter>
    </ClCompile>
    <ClCompile Include="..\libraries\STM32F4xx_HAL\STM32F4xx_HAL_Driver\Src\stm32f4xx_hal_uart.c">
      <Filter>Source files\Libraries</Filter>
    </ClCompile>
    <ClCompile Include="..\libraries\STM32F4xx_HAL\STM32F4xx_HAL_Driver\Src\stm32f4xx_hal_usart.c">
      <Filter>Source files\Libraries</Filter>
    </ClCompile>
    <ClCompile Include="..\libraries\STM32F4xx_HAL\STM32F4xx_HAL_Driver\Src\stm32f4xx_hal_i2c.c">
      <Filter>Source files\Libraries</Filter>
    </ClCompile>
    <ClCompile Include="..\libraries\STM32F4xx_HAL\STM32F4xx_HAL_Driver\Src\stm32f4xx_hal_i2c_ex.c">
      <Filter>Source files\Libraries</Filter>
    </ClCompile>
    <ClCompile Include="..\libraries\STM32F4xx_HAL\STM32F4xx_HAL_Driver\Src\stm32f4xx_hal_pccard.c">
      <Filter>Source files\Libraries</Filter>
    </ClCompile>
    <ClCompile Include="..\libraries\STM32F4xx_HAL\STM32F4xx_HAL_Driver\Src\stm32f4xx_hal_pcd.c">
      <Filter>Source files\Libraries</Filter>
    </ClCompile>
    <ClCompile Include="..\libraries\STM32F4xx_HAL\STM32F4xx_HAL_Driver\Src\stm32f4xx_hal_pcd_ex.c">
      <Filter>Source files\Libraries</Filter>
    </ClCompile>
    <ClCompile Include="..\libraries\STM32F4xx_HAL\STM32F4xx_HAL_Driver\Src\stm32f4xx_hal_hcd.c">
      <Filter>Source files\Libraries</Filter>
    </ClCompile>
    <ClCompile Include="..\libraries\STM32F4xx_HAL\STM32F4xx_HAL_Driver\Src\stm32f4xx_ll_usb.c">
      <Filter>Source files\Libraries</Filter>
    </ClCompile>
    <ClCompile Include="..\libraries\STM32F4xx_HAL\STM32F4xx_HAL_Driver\Src\stm32f4xx_hal_tim.c">
      <Filter>Source files\Libraries</Filter>
    </ClCompile>
    <ClCompile Include="..\libraries\STM32F4xx_HAL\STM32F4xx_HAL_Driver\Src\stm32f4xx_hal_tim_ex.c">
      <Filter>Source files\Libraries</Filter>
    </ClCompile>
    <ClCompile Include="..\..\..\components\drivers\usb\usbdevice\core\usbdevice_core.c">
      <Filter>Source files\rt_usbd</Filter>
    </ClCompile>
    <ClCompile Include="..\..\..\components\drivers\usb\usbdevice\core\usbdevice.c">
      <Filter>Source files\rt_usbd</Filter>
    </ClCompile>
    <ClCompile Include="..\..\..\components\drivers\usb\usbdevice\class\cdc_vcom.c">
      <Filter>Source files\rt_usbd</Filter>
    </ClCompile>
    <None Include="mcu.props">
      <Filter>Source files\Device-specific files</Filter>
    </None>
    <ClInclude Include="$(BSP_ROOT)\Drivers\CMSIS\Device\ST\STM32F4xx\Include\stm32f4xx.h">
      <Filter>Header files\Device-specific files</Filter>
    </ClInclude>
    <None Include="project-Debug.vgdbsettings">
      <Filter>VisualGDB settings</Filter>
    </None>
    <None Include="project-Release.vgdbsettings">
      <Filter>VisualGDB settings</Filter>
    </None>
    <None Include="MCU.xml">
      <Filter>VisualGDB settings</Filter>
    </None>
    <ClCompile Include="..\libraries\STM32F4xx_HAL\STM32F4xx_HAL_Driver\Src\stm32f4xx_hal_adc.c">
      <Filter>Source files\Libraries</Filter>
    </ClCompile>
    <ClCompile Include="..\libraries\STM32F4xx_HAL\STM32F4xx_HAL_Driver\Src\stm32f4xx_hal_adc_ex.c">
      <Filter>Source files\Libraries</Filter>
    </ClCompile>
    <ClCompile Include="..\libraries\STM32F4xx_HAL\STM32F4xx_HAL_Driver\Src\stm32f4xx_hal_dac.c">
      <Filter>Source files\Libraries</Filter>
    </ClCompile>
    <ClCompile Include="..\libraries\STM32F4xx_HAL\STM32F4xx_HAL_Driver\Src\stm32f4xx_hal_dac_ex.c">
      <Filter>Source files\Libraries</Filter>
    </ClCompile>
    <ClCompile Include="applications\realmain.cpp">
      <Filter>Source files\Applications</Filter>
    </ClCompile>
    <ClCompile Include="..\..\..\libcpu\arm\cortex-m4\context_rvds.S">
      <Filter>Source files\CPU</Filter>
    </ClCompile>
    <ClCompile Include="..\libraries\STM32F4xx_HAL\CMSIS\Device\ST\STM32F4xx\Source\Templates\arm\startup_stm32f429xx.s">
      <Filter>Source files\Drivers</Filter>
    </ClCompile>
    <ClCompile Include="..\..\..\components\drivers\hwtimer\hwtimer.c">
      <Filter>Source files\DeviceDrivers</Filter>
    </ClCompile>
    <ClCompile Include="..\..\..\components\drivers\misc\adc.c">
      <Filter>Source files\DeviceDrivers</Filter>
    </ClCompile>
    <ClCompile Include="..\..\..\components\drivers\misc\dac.c">
      <Filter>Source files\DeviceDrivers</Filter>
    </ClCompile>
    <ClCompile Include="..\libraries\HAL_Drivers\drv_hwtimer.c">
      <Filter>Source files\Drivers</Filter>
    </ClCompile>
    <ClCompile Include="..\libraries\HAL_Drivers\drv_adc.c">
      <Filter>Source files\Drivers</Filter>
    </ClCompile>
    <ClCompile Include="..\libraries\HAL_Drivers\drv_dac.c">
      <Filter>Source files\Drivers</Filter>
    </ClCompile>
    <ClCompile Include="..\libraries\STM32F4xx_HAL\STM32F4xx_HAL_Driver\Src\stm32f4xx_hal_lptim.c">
      <Filter>Source files\Libraries</Filter>
    </ClCompile>
    <ClCompile Include="..\..\..\components\utilities\utest\utest.c">
      <Filter>Source files\UTest</Filter>
    </ClCompile>
    <ClCompile Include="..\..\..\components\utilities\ulog\ulog.c">
      <Filter>Source files\Utilities</Filter>
    </ClCompile>
    <ClCompile Include="..\..\..\components\utilities\ulog\backend\console_be.c">
      <Filter>Source files\Utilities</Filter>
    </ClCompile>
    <ClCompile Include="..\..\..\components\utilities\ulog\syslog\syslog.c">
      <Filter>Source files\Utilities</Filter>
    </ClCompile>
  </ItemGroup>
  <ItemGroup>
    <ClInclude Include="RTE\RTE_Components.h">
      <Filter>Header files</Filter>
    </ClInclude>
  </ItemGroup>
</Project>